
Microsoft Visual Studio Solution File, Format Version 12.00
# Visual Studio Version 17
VisualStudioVersion = 17.11.35327.3
MinimumVisualStudioVersion = 10.0.40219.1
Project("{FAE04EC0-301F-11D3-BF4B-00C04F79EFBC}") = "ActionMethodProject", "ActionMethodProject\ActionMethodProject.csproj", "{557143D1-4643-41A6-A9CF-4FB288D69BBD}"
EndProject
Global
	GlobalSection(SolutionConfigurationPlatforms) = preSolution
		Debug|Any CPU = Debug|Any CPU
		Release|Any CPU = Release|Any CPU
	EndGlobalSection
	GlobalSection(ProjectConfigurationPlatforms) = postSolution
		{557143D1-4643-41A6-A9CF-4FB288D69BBD}.Debug|Any CPU.ActiveCfg = Debug|Any CPU
		{557143D1-4643-41A6-A9CF-4FB288D69BBD}.Debug|Any CPU.Build.0 = Debug|Any CPU
		{557143D1-4643-41A6-A9CF-4FB288D69BBD}.Release|Any CPU.ActiveCfg = Release|Any CPU
		{557143D1-4643-41A6-A9CF-4FB288D69BBD}.Release|Any CPU.Build.0 = Release|Any CPU
	EndGlobalSection
	GlobalSection(SolutionProperties) = preSolution
		HideSolutionNode = FALSE
	EndGlobalSection
	GlobalSection(ExtensibilityGlobals) = postSolution
		SolutionGuid = {6E1558BF-B367-4982-8016-61C0B746ACAD}
	EndGlobalSection
EndGlobal
