
Microsoft Visual Studio Solution File, Format Version 12.00
# Visual Studio Version 17
VisualStudioVersion = 17.11.35327.3
MinimumVisualStudioVersion = 10.0.40219.1
Project("{FAE04EC0-301F-11D3-BF4B-00C04F79EFBC}") = "TempData_Project", "TempData_Project\TempData_Project.csproj", "{D258271F-7268-423A-AE20-EAD0ADAAF460}"
EndProject
Global
	GlobalSection(SolutionConfigurationPlatforms) = preSolution
		Debug|Any CPU = Debug|Any CPU
		Release|Any CPU = Release|Any CPU
	EndGlobalSection
	GlobalSection(ProjectConfigurationPlatforms) = postSolution
		{D258271F-7268-423A-AE20-EAD0ADAAF460}.Debug|Any CPU.ActiveCfg = Debug|Any CPU
		{D258271F-7268-423A-AE20-EAD0ADAAF460}.Debug|Any CPU.Build.0 = Debug|Any CPU
		{D258271F-7268-423A-AE20-EAD0ADAAF460}.Release|Any CPU.ActiveCfg = Release|Any CPU
		{D258271F-7268-423A-AE20-EAD0ADAAF460}.Release|Any CPU.Build.0 = Release|Any CPU
	EndGlobalSection
	GlobalSection(SolutionProperties) = preSolution
		HideSolutionNode = FALSE
	EndGlobalSection
	GlobalSection(ExtensibilityGlobals) = postSolution
		SolutionGuid = {A1550B82-761D-4B07-B690-C68A74F5CC9E}
	EndGlobalSection
EndGlobal
